#MicroXplorer Configuration settings - do not modify
ADC1.Channel-0\#ChannelRegularConversion=ADC_CHANNEL_1
ADC1.Channel-1\#ChannelRegularConversion=ADC_CHANNEL_14
ADC1.ClockPrescaler=ADC_CLOCK_ASYNC_DIV1
ADC1.DMAContinuousRequests=ENABLE
ADC1.EOCSelection=ADC_EOC_SEQ_CONV
ADC1.ExternalTrigConv=ADC_EXTERNALTRIG_HRTIM_TRG1
ADC1.IPParameters=Rank-0\#ChannelRegularConversion,Channel-0\#ChannelRegularConversion,SamplingTime-0\#ChannelRegularConversion,OffsetNumber-0\#ChannelRegularConversion,NbrOfConversionFlag,ClockPrescaler,Rank-1\#ChannelRegularConversion,Channel-1\#ChannelRegularConversion,SamplingTime-1\#ChannelRegularConversion,OffsetNumber-1\#ChannelRegularConversion,NbrOfConversion,EOCSelection,DMAContinuousRequests,OversamplingMode,ExternalTrigConv,OversamplingStopReset,RightBitShift,TriggeredMode,master
ADC1.NbrOfConversion=2
ADC1.NbrOfConversionFlag=1
ADC1.OffsetNumber-0\#ChannelRegularConversion=ADC_OFFSET_NONE
ADC1.OffsetNumber-1\#ChannelRegularConversion=ADC_OFFSET_NONE
ADC1.OversamplingMode=ENABLE
ADC1.OversamplingStopReset=ADC_REGOVERSAMPLING_RESUMED_MODE
ADC1.Rank-0\#ChannelRegularConversion=1
ADC1.Rank-1\#ChannelRegularConversion=2
ADC1.RightBitShift=ADC_RIGHTBITSHIFT_1
ADC1.SamplingTime-0\#ChannelRegularConversion=ADC_SAMPLETIME_12CYCLES_5
ADC1.SamplingTime-1\#ChannelRegularConversion=ADC_SAMPLETIME_12CYCLES_5
ADC1.TriggeredMode=ADC_TRIGGEREDMODE_SINGLE_TRIGGER
ADC1.master=1
ADC2.Channel-0\#ChannelRegularConversion=ADC_CHANNEL_5
ADC2.ClockPrescaler=ADC_CLOCK_ASYNC_DIV1
ADC2.DMAContinuousRequests=ENABLE
ADC2.ExternalTrigConv=ADC_EXTERNALTRIG_HRTIM_TRG3
ADC2.IPParameters=Rank-0\#ChannelRegularConversion,Channel-0\#ChannelRegularConversion,SamplingTime-0\#ChannelRegularConversion,OffsetNumber-0\#ChannelRegularConversion,NbrOfConversionFlag,ClockPrescaler,ExternalTrigConv,NbrOfConversion,OversamplingMode,RightBitShift,OversamplingStopReset,TriggeredMode,DMAContinuousRequests
ADC2.NbrOfConversion=1
ADC2.NbrOfConversionFlag=1
ADC2.OffsetNumber-0\#ChannelRegularConversion=ADC_OFFSET_NONE
ADC2.OversamplingMode=ENABLE
ADC2.OversamplingStopReset=ADC_REGOVERSAMPLING_RESUMED_MODE
ADC2.Rank-0\#ChannelRegularConversion=1
ADC2.RightBitShift=ADC_RIGHTBITSHIFT_1
ADC2.SamplingTime-0\#ChannelRegularConversion=ADC_SAMPLETIME_24CYCLES_5
ADC2.TriggeredMode=ADC_TRIGGEREDMODE_MULTI_TRIGGER
ADC3.Channel-0\#ChannelRegularConversion=ADC_CHANNEL_4
ADC3.ExternalTrigConv=ADC_EXTERNALTRIG_HRTIM_TRG3
ADC3.IPParameters=Rank-0\#ChannelRegularConversion,Channel-0\#ChannelRegularConversion,SamplingTime-0\#ChannelRegularConversion,OffsetNumber-0\#ChannelRegularConversion,NbrOfConversionFlag,master,ExternalTrigConv
ADC3.NbrOfConversionFlag=1
ADC3.OffsetNumber-0\#ChannelRegularConversion=ADC_OFFSET_NONE
ADC3.Rank-0\#ChannelRegularConversion=1
ADC3.SamplingTime-0\#ChannelRegularConversion=ADC_SAMPLETIME_2CYCLES_5
ADC3.master=1
ADC5.Channel-0\#ChannelRegularConversion=ADC_CHANNEL_TEMPSENSOR_ADC5
ADC5.ExternalTrigConv=ADC_EXTERNALTRIG_HRTIM_TRG3
ADC5.IPParameters=Rank-0\#ChannelRegularConversion,Channel-0\#ChannelRegularConversion,SamplingTime-0\#ChannelRegularConversion,OffsetNumber-0\#ChannelRegularConversion,NbrOfConversionFlag,ExternalTrigConv
ADC5.NbrOfConversionFlag=1
ADC5.OffsetNumber-0\#ChannelRegularConversion=ADC_OFFSET_NONE
ADC5.Rank-0\#ChannelRegularConversion=1
ADC5.SamplingTime-0\#ChannelRegularConversion=ADC_SAMPLETIME_2CYCLES_5
COMP1.Hysteresis=COMP_HYSTERESIS_30MV
COMP1.IPParameters=TriggerMode,Hysteresis,OutputPol
COMP1.OutputPol=COMP_OUTPUTPOL_INVERTED
COMP1.TriggerMode=COMP_TRIGGERMODE_NONE
COMP2.Hysteresis=COMP_HYSTERESIS_30MV
COMP2.IPParameters=TriggerMode,Hysteresis
COMP2.TriggerMode=COMP_TRIGGERMODE_EVENT_RISING
COMP3.Hysteresis=COMP_HYSTERESIS_30MV
COMP3.IPParameters=TriggerMode,Hysteresis
COMP3.TriggerMode=COMP_TRIGGERMODE_NONE
COMP4.Hysteresis=COMP_HYSTERESIS_30MV
COMP4.IPParameters=TriggerMode,Hysteresis
COMP4.TriggerMode=COMP_TRIGGERMODE_NONE
COMP7.Hysteresis=COMP_HYSTERESIS_30MV
COMP7.IPParameters=TriggerMode,Hysteresis
COMP7.TriggerMode=COMP_TRIGGERMODE_NONE
DAC1.DAC_Channel-DAC_OUT2_Int=DAC_CHANNEL_2
DAC1.IPParameters=DAC_Channel-DAC_OUT2_Int
DAC3.DAC_Channel-DAC_OUT2_Int=DAC_CHANNEL_2
DAC3.IPParameters=DAC_Channel-DAC_OUT2_Int
DAC4.DAC_Channel-DAC_OUT2_Int=DAC_CHANNEL_2
DAC4.IPParameters=DAC_Channel-DAC_OUT2_Int
Dma.ADC1.0.Direction=DMA_PERIPH_TO_MEMORY
Dma.ADC1.0.EventEnable=DISABLE
Dma.ADC1.0.Instance=DMA1_Channel1
Dma.ADC1.0.MemDataAlignment=DMA_MDATAALIGN_HALFWORD
Dma.ADC1.0.MemInc=DMA_MINC_ENABLE
Dma.ADC1.0.Mode=DMA_CIRCULAR
Dma.ADC1.0.PeriphDataAlignment=DMA_PDATAALIGN_HALFWORD
Dma.ADC1.0.PeriphInc=DMA_PINC_DISABLE
Dma.ADC1.0.Polarity=HAL_DMAMUX_REQ_GEN_RISING
Dma.ADC1.0.Priority=DMA_PRIORITY_HIGH
Dma.ADC1.0.RequestNumber=1
Dma.ADC1.0.RequestParameters=Instance,Direction,PeriphInc,MemInc,PeriphDataAlignment,MemDataAlignment,Mode,Priority,SignalID,Polarity,RequestNumber,SyncSignalID,SyncPolarity,SyncEnable,EventEnable,SyncRequestNumber
Dma.ADC1.0.SignalID=NONE
Dma.ADC1.0.SyncEnable=DISABLE
Dma.ADC1.0.SyncPolarity=HAL_DMAMUX_SYNC_NO_EVENT
Dma.ADC1.0.SyncRequestNumber=1
Dma.ADC1.0.SyncSignalID=NONE
Dma.ADC2.3.Direction=DMA_PERIPH_TO_MEMORY
Dma.ADC2.3.EventEnable=DISABLE
Dma.ADC2.3.Instance=DMA1_Channel5
Dma.ADC2.3.MemDataAlignment=DMA_MDATAALIGN_HALFWORD
Dma.ADC2.3.MemInc=DMA_MINC_ENABLE
Dma.ADC2.3.Mode=DMA_CIRCULAR
Dma.ADC2.3.PeriphDataAlignment=DMA_PDATAALIGN_HALFWORD
Dma.ADC2.3.PeriphInc=DMA_PINC_DISABLE
Dma.ADC2.3.Polarity=HAL_DMAMUX_REQ_GEN_RISING
Dma.ADC2.3.Priority=DMA_PRIORITY_VERY_HIGH
Dma.ADC2.3.RequestNumber=1
Dma.ADC2.3.RequestParameters=Instance,Direction,PeriphInc,MemInc,PeriphDataAlignment,MemDataAlignment,Mode,Priority,SignalID,Polarity,RequestNumber,SyncSignalID,SyncPolarity,SyncEnable,EventEnable,SyncRequestNumber
Dma.ADC2.3.SignalID=NONE
Dma.ADC2.3.SyncEnable=DISABLE
Dma.ADC2.3.SyncPolarity=HAL_DMAMUX_SYNC_NO_EVENT
Dma.ADC2.3.SyncRequestNumber=1
Dma.ADC2.3.SyncSignalID=NONE
Dma.HRTIM1_D.6.Direction=DMA_MEMORY_TO_PERIPH
Dma.HRTIM1_D.6.EventEnable=DISABLE
Dma.HRTIM1_D.6.Instance=DMA1_Channel7
Dma.HRTIM1_D.6.MemDataAlignment=DMA_MDATAALIGN_HALFWORD
Dma.HRTIM1_D.6.MemInc=DMA_MINC_ENABLE
Dma.HRTIM1_D.6.Mode=DMA_CIRCULAR
Dma.HRTIM1_D.6.PeriphDataAlignment=DMA_PDATAALIGN_HALFWORD
Dma.HRTIM1_D.6.PeriphInc=DMA_PINC_DISABLE
Dma.HRTIM1_D.6.Polarity=HAL_DMAMUX_REQ_GEN_RISING
Dma.HRTIM1_D.6.Priority=DMA_PRIORITY_LOW
Dma.HRTIM1_D.6.RequestNumber=1
Dma.HRTIM1_D.6.RequestParameters=Instance,Direction,PeriphInc,MemInc,PeriphDataAlignment,MemDataAlignment,Mode,Priority,SignalID,Polarity,RequestNumber,SyncSignalID,SyncPolarity,SyncEnable,EventEnable,SyncRequestNumber
Dma.HRTIM1_D.6.SignalID=NONE
Dma.HRTIM1_D.6.SyncEnable=DISABLE
Dma.HRTIM1_D.6.SyncPolarity=HAL_DMAMUX_SYNC_NO_EVENT
Dma.HRTIM1_D.6.SyncRequestNumber=1
Dma.HRTIM1_D.6.SyncSignalID=NONE
Dma.HRTIM1_F.7.Direction=DMA_MEMORY_TO_PERIPH
Dma.HRTIM1_F.7.EventEnable=DISABLE
Dma.HRTIM1_F.7.Instance=DMA1_Channel8
Dma.HRTIM1_F.7.MemDataAlignment=DMA_MDATAALIGN_HALFWORD
Dma.HRTIM1_F.7.MemInc=DMA_MINC_ENABLE
Dma.HRTIM1_F.7.Mode=DMA_CIRCULAR
Dma.HRTIM1_F.7.PeriphDataAlignment=DMA_PDATAALIGN_HALFWORD
Dma.HRTIM1_F.7.PeriphInc=DMA_PINC_DISABLE
Dma.HRTIM1_F.7.Polarity=HAL_DMAMUX_REQ_GEN_RISING
Dma.HRTIM1_F.7.Priority=DMA_PRIORITY_LOW
Dma.HRTIM1_F.7.RequestNumber=1
Dma.HRTIM1_F.7.RequestParameters=Instance,Direction,PeriphInc,MemInc,PeriphDataAlignment,MemDataAlignment,Mode,Priority,SignalID,Polarity,RequestNumber,SyncSignalID,SyncPolarity,SyncEnable,EventEnable,SyncRequestNumber
Dma.HRTIM1_F.7.SignalID=NONE
Dma.HRTIM1_F.7.SyncEnable=DISABLE
Dma.HRTIM1_F.7.SyncPolarity=HAL_DMAMUX_SYNC_NO_EVENT
Dma.HRTIM1_F.7.SyncRequestNumber=1
Dma.HRTIM1_F.7.SyncSignalID=NONE
Dma.Request0=ADC1
Dma.Request1=SPI4_RX
Dma.Request2=SPI4_TX
Dma.Request3=ADC2
Dma.Request4=SPI3_RX
Dma.Request5=SPI3_TX
Dma.Request6=HRTIM1_D
Dma.Request7=HRTIM1_F
Dma.RequestsNb=8
Dma.SPI3_RX.4.Direction=DMA_PERIPH_TO_MEMORY
Dma.SPI3_RX.4.EventEnable=DISABLE
Dma.SPI3_RX.4.Instance=DMA1_Channel4
Dma.SPI3_RX.4.MemDataAlignment=DMA_MDATAALIGN_HALFWORD
Dma.SPI3_RX.4.MemInc=DMA_MINC_ENABLE
Dma.SPI3_RX.4.Mode=DMA_CIRCULAR
Dma.SPI3_RX.4.PeriphDataAlignment=DMA_PDATAALIGN_HALFWORD
Dma.SPI3_RX.4.PeriphInc=DMA_PINC_DISABLE
Dma.SPI3_RX.4.Polarity=HAL_DMAMUX_REQ_GEN_RISING
Dma.SPI3_RX.4.Priority=DMA_PRIORITY_VERY_HIGH
Dma.SPI3_RX.4.RequestNumber=1
Dma.SPI3_RX.4.RequestParameters=Instance,Direction,PeriphInc,MemInc,PeriphDataAlignment,MemDataAlignment,Mode,Priority,SignalID,Polarity,RequestNumber,SyncSignalID,SyncPolarity,SyncEnable,EventEnable,SyncRequestNumber
Dma.SPI3_RX.4.SignalID=NONE
Dma.SPI3_RX.4.SyncEnable=DISABLE
Dma.SPI3_RX.4.SyncPolarity=HAL_DMAMUX_SYNC_NO_EVENT
Dma.SPI3_RX.4.SyncRequestNumber=1
Dma.SPI3_RX.4.SyncSignalID=NONE
Dma.SPI3_TX.5.Direction=DMA_MEMORY_TO_PERIPH
Dma.SPI3_TX.5.EventEnable=DISABLE
Dma.SPI3_TX.5.Instance=DMA1_Channel6
Dma.SPI3_TX.5.MemDataAlignment=DMA_MDATAALIGN_HALFWORD
Dma.SPI3_TX.5.MemInc=DMA_MINC_ENABLE
Dma.SPI3_TX.5.Mode=DMA_CIRCULAR
Dma.SPI3_TX.5.PeriphDataAlignment=DMA_PDATAALIGN_HALFWORD
Dma.SPI3_TX.5.PeriphInc=DMA_PINC_DISABLE
Dma.SPI3_TX.5.Polarity=HAL_DMAMUX_REQ_GEN_RISING
Dma.SPI3_TX.5.Priority=DMA_PRIORITY_VERY_HIGH
Dma.SPI3_TX.5.RequestNumber=1
Dma.SPI3_TX.5.RequestParameters=Instance,Direction,PeriphInc,MemInc,PeriphDataAlignment,MemDataAlignment,Mode,Priority,SignalID,Polarity,RequestNumber,SyncSignalID,SyncPolarity,SyncEnable,EventEnable,SyncRequestNumber
Dma.SPI3_TX.5.SignalID=NONE
Dma.SPI3_TX.5.SyncEnable=DISABLE
Dma.SPI3_TX.5.SyncPolarity=HAL_DMAMUX_SYNC_NO_EVENT
Dma.SPI3_TX.5.SyncRequestNumber=1
Dma.SPI3_TX.5.SyncSignalID=NONE
Dma.SPI4_RX.1.Direction=DMA_PERIPH_TO_MEMORY
Dma.SPI4_RX.1.EventEnable=DISABLE
Dma.SPI4_RX.1.Instance=DMA1_Channel2
Dma.SPI4_RX.1.MemDataAlignment=DMA_MDATAALIGN_HALFWORD
Dma.SPI4_RX.1.MemInc=DMA_MINC_ENABLE
Dma.SPI4_RX.1.Mode=DMA_CIRCULAR
Dma.SPI4_RX.1.PeriphDataAlignment=DMA_PDATAALIGN_HALFWORD
Dma.SPI4_RX.1.PeriphInc=DMA_PINC_DISABLE
Dma.SPI4_RX.1.Polarity=HAL_DMAMUX_REQ_GEN_RISING
Dma.SPI4_RX.1.Priority=DMA_PRIORITY_VERY_HIGH
Dma.SPI4_RX.1.RequestNumber=1
Dma.SPI4_RX.1.RequestParameters=Instance,Direction,PeriphInc,MemInc,PeriphDataAlignment,MemDataAlignment,Mode,Priority,SignalID,Polarity,RequestNumber,SyncSignalID,SyncPolarity,SyncEnable,EventEnable,SyncRequestNumber
Dma.SPI4_RX.1.SignalID=NONE
Dma.SPI4_RX.1.SyncEnable=DISABLE
Dma.SPI4_RX.1.SyncPolarity=HAL_DMAMUX_SYNC_NO_EVENT
Dma.SPI4_RX.1.SyncRequestNumber=1
Dma.SPI4_RX.1.SyncSignalID=NONE
Dma.SPI4_TX.2.Direction=DMA_MEMORY_TO_PERIPH
Dma.SPI4_TX.2.EventEnable=DISABLE
Dma.SPI4_TX.2.Instance=DMA1_Channel3
Dma.SPI4_TX.2.MemDataAlignment=DMA_MDATAALIGN_HALFWORD
Dma.SPI4_TX.2.MemInc=DMA_MINC_ENABLE
Dma.SPI4_TX.2.Mode=DMA_CIRCULAR
Dma.SPI4_TX.2.PeriphDataAlignment=DMA_PDATAALIGN_HALFWORD
Dma.SPI4_TX.2.PeriphInc=DMA_PINC_DISABLE
Dma.SPI4_TX.2.Polarity=HAL_DMAMUX_REQ_GEN_RISING
Dma.SPI4_TX.2.Priority=DMA_PRIORITY_VERY_HIGH
Dma.SPI4_TX.2.RequestNumber=1
Dma.SPI4_TX.2.RequestParameters=Instance,Direction,PeriphInc,MemInc,PeriphDataAlignment,MemDataAlignment,Mode,Priority,SignalID,Polarity,RequestNumber,SyncSignalID,SyncPolarity,SyncEnable,EventEnable,SyncRequestNumber
Dma.SPI4_TX.2.SignalID=NONE
Dma.SPI4_TX.2.SyncEnable=DISABLE
Dma.SPI4_TX.2.SyncPolarity=HAL_DMAMUX_SYNC_NO_EVENT
Dma.SPI4_TX.2.SyncRequestNumber=1
Dma.SPI4_TX.2.SyncSignalID=NONE
FDCAN1.ClockDivider=FDCAN_CLOCK_DIV30
FDCAN1.IPParameters=ClockDivider
File.Version=6
GPIO.groupedBy=Group By Peripherals
HRTIM1.ADCTrigger1_Source1=HRTIM_ADCTRIGGEREVENT13_MASTER_CMP2
HRTIM1.ADCTrigger3_Source1=HRTIM_ADCTRIGGEREVENT13_TIMERF_PERIOD
HRTIM1.ADCTrigger_Id1=HRTIM_ADCTRIGGER_1
HRTIM1.ADCTrigger_Id2=__NULL
HRTIM1.ADCTrigger_Id3=HRTIM_ADCTRIGGER_3
HRTIM1.ADCTrigger_Id4=__NULL
HRTIM1.ADCTrigger_Id8=__NULL
HRTIM1.ChopperModeconfig-Output_TF1TF2=__NULL
HRTIM1.CompareUnit1-MasterTimer=HRTIM_COMPAREUNIT_1
HRTIM1.CompareUnit1-Output_TA1TA2=HRTIM_COMPAREUNIT_1
HRTIM1.CompareUnit1-Output_TB1TB2=HRTIM_COMPAREUNIT_1
HRTIM1.CompareUnit1-Output_TD1TD2=HRTIM_COMPAREUNIT_1
HRTIM1.CompareUnit1-Output_TF1TF2=HRTIM_COMPAREUNIT_1
HRTIM1.CompareUnit2-MasterTimer=HRTIM_COMPAREUNIT_2
HRTIM1.CompareUnit2-Output_TD1TD2=HRTIM_COMPAREUNIT_2
HRTIM1.CompareUnit2-Output_TF1TF2=HRTIM_COMPAREUNIT_2
HRTIM1.CompareUnit3-MasterTimer=HRTIM_COMPAREUNIT_3
HRTIM1.CompareUnit3-Output_TD1TD2=HRTIM_COMPAREUNIT_3
HRTIM1.CompareUnit3-Output_TF1TF2=HRTIM_COMPAREUNIT_3
HRTIM1.CompareUnit4-MasterTimer=HRTIM_COMPAREUNIT_4
HRTIM1.CompareUnit4-Output_TD1TD2=HRTIM_COMPAREUNIT_4
HRTIM1.CompareUnit4-Output_TF1TF2=HRTIM_COMPAREUNIT_4
HRTIM1.CompareValue1-MasterTimer=(uint32_t)(PHASE_SHIFT_INIT)
HRTIM1.CompareValue1-Output_TD1TD2=(uint32_t)(TIMD_PERIOD)
HRTIM1.CompareValue1-Output_TF1TF2=(uint32_t)(TIMF_PERIOD * TIMF_DUTY_CYCLE)
HRTIM1.CompareValue2-MasterTimer=(uint32_t)(MASTER_PERIOD * MASTER_DUTY_CYCLE * (1 + ADC1_TRIG_DUTY_CYCLE))
HRTIM1.CompareValue2-Output_TD1TD2=(uint32_t)(TIMD_PERIOD*TIMD_DUTY_CYCLE)
HRTIM1.CompareValue2-Output_TF1TF2=(uint32_t)(TIMF_PERIOD * TIMF_DUTY_CYCLE)
HRTIM1.CompareValue3-MasterTimer=(uint32_t)(MASTER_PERIOD * MASTER_DUTY_CYCLE * ADC1_TRIG_DUTY_CYCLE)
HRTIM1.CompareValue3-Output_TF1TF2=(uint32_t)(TIMF_PERIOD * ADC23_TRIG_DUTY_CYCLE)
HRTIM1.CompareValue4-MasterTimer=(uint32_t)(MASTER_PERIOD*0.75)
HRTIM1.CompareValue4-Output_TF1TF2=(uint32_t)(TIMF_PERIOD*TIMF_DUTY_CYCLE)
HRTIM1.DMADstAddress-Output_TD1TD2=(uint32_t)&(HRTIM1->sTimerxRegs[HRTIM_TIMERINDEX_TIMER_D].CMP2xR)
HRTIM1.DMADstAddress-Output_TF1TF2=(uint32_t)&(HRTIM1->sTimerxRegs[HRTIM_TIMERINDEX_TIMER_D].CMP2xR)
HRTIM1.DMARequests1-Output_TD1TD2=HRTIM_TIM_DMA_UPD
HRTIM1.DMARequests1-Output_TF1TF2=HRTIM_TIM_DMA_CMP1
HRTIM1.DMASrcAddress-Output_TD1TD2=(uint32_t)&TIMD_DMA_Buffer[0]
HRTIM1.DMASrcAddress-Output_TF1TF2=(uint32_t)&TIMF_DMA_Buffer[0]
HRTIM1.DeadTimeInsertion-Output_TA1TA2=HRTIM_TIMDEADTIMEINSERTION_ENABLED
HRTIM1.DeadTimeInsertion-Output_TB1TB2=HRTIM_TIMDEADTIMEINSERTION_ENABLED
HRTIM1.DeadTimeInsertion-Output_TD1TD2=HRTIM_TIMDEADTIMEINSERTION_ENABLED
HRTIM1.DeadTimeInsertion-Output_TF1TF2=HRTIM_TIMDEADTIMEINSERTION_ENABLED
HRTIM1.DelayedProtectionMode-Output_TA1TA2=HRTIM_TIMER_A_B_C_DELAYEDPROTECTION_DELAYEDBOTH_EEV7
HRTIM1.DelayedProtectionMode-Output_TB1TB2=HRTIM_TIMER_A_B_C_DELAYEDPROTECTION_DELAYEDBOTH_EEV7
HRTIM1.Enable=HRTIM_BURSTMODECTL_DISABLED
HRTIM1.Enable_FaultLine2=HRTIM_FAULTMODECTL_DISABLED
HRTIM1.Enable_FaultLine4=HRTIM_FAULTMODECTL_ENABLED
HRTIM1.Event6-Output_TA1TA2=HRTIM_EVENT_6
HRTIM1.Event6-Output_TB1TB2=HRTIM_EVENT_6
HRTIM1.Event6-Output_TF1TF2=__NULL
HRTIM1.Event_EEV1=__NULL
HRTIM1.Event_EEV10=__NULL
HRTIM1.Event_EEV2=__NULL
HRTIM1.Event_EEV3=__NULL
HRTIM1.Event_EEV4=__NULL
HRTIM1.Event_EEV5=__NULL
HRTIM1.Event_EEV6=HRTIM_EVENT_6
HRTIM1.Event_EEV7=HRTIM_EVENT_7
HRTIM1.Event_EEV8=__NULL
HRTIM1.Event_EEV9=__NULL
HRTIM1.FallingValue-Output_TA1TA2=(uint32_t)(LLC_DEADTIME)
HRTIM1.FallingValue-Output_TB1TB2=(uint32_t)(LLC_DEADTIME)
HRTIM1.FallingValue-Output_TD1TD2=(uint32_t)(TIMD_DEADTIME)
HRTIM1.FallingValue-Output_TF1TF2=(uint32_t)(TIMF_DEADTIME)
HRTIM1.FaultEnable_Source1-Output_TA1TA2=HRTIM_TIMFAULTENABLE_NONE
HRTIM1.FaultEnable_Source1-Output_TB1TB2=HRTIM_TIMFAULTENABLE_NONE
HRTIM1.FaultEnable_Source1-Output_TF1TF2=HRTIM_TIMFAULTENABLE_NONE
HRTIM1.FaultEnable_Source2-Output_TF1TF2=HRTIM_TIMFAULTENABLE_NONE
HRTIM1.FaultLevel1-Output_TA1TA2=HRTIM_OUTPUTFAULTLEVEL_NONE
HRTIM1.FaultLevel1-Output_TB1TB2=HRTIM_OUTPUTFAULTLEVEL_NONE
HRTIM1.FaultLevel1-Output_TF1TF2=HRTIM_OUTPUTFAULTLEVEL_NONE
HRTIM1.FaultLevel2-Output_TA1TA2=HRTIM_OUTPUTFAULTLEVEL_NONE
HRTIM1.FaultLevel2-Output_TB1TB2=HRTIM_OUTPUTFAULTLEVEL_NONE
HRTIM1.FaultLevel2-Output_TF1TF2=HRTIM_OUTPUTFAULTLEVEL_NONE
HRTIM1.Fault_Line4=__NULL
HRTIM1.Filter6-Output_TA1TA2=HRTIM_TIMEEVFLT_BLANKINGCMP1
HRTIM1.Filter6-Output_TB1TB2=HRTIM_TIMEEVFLT_BLANKINGCMP1
HRTIM1.Filter_EEV6=HRTIM_EVENTFILTER_3
HRTIM1.Filter_EEV7=HRTIM_EVENTFILTER_3
HRTIM1.Filter_FaultLine2=HRTIM_FAULTFILTER_15
HRTIM1.Filter_FaultLine4=HRTIM_FAULTFILTER_1
HRTIM1.IPParameters=CompareUnit1-MasterTimer,CompareUnit2-MasterTimer,CompareUnit3-MasterTimer,CompareUnit4-MasterTimer,CompareValue1-MasterTimer,CompareValue2-MasterTimer,CompareValue3-MasterTimer,CompareValue4-MasterTimer,Periode_MASTER,Periode_TA,ModeTimeBase-Output_TA1TA2,CompareUnit1-Output_TA1TA2,InterleavedMode-Output_TA1TA2,PreloadEnable-Output_TA1TA2,DeadTimeInsertion-Output_TA1TA2,Event_EEV6,Event_EEV7,Filter_EEV6,DelayedProtectionMode-Output_TA1TA2,NumberUpdateTrigger-Output_TA1TA2,UpdateTrigger1-Output_TA1TA2,NumberResetTrigger-Output_TA1TA2,ResetTrigger1-Output_TA1TA2,NumberInterruptRequests-Output_TA1TA2,InterruptRequests1-Output_TA1TA2,Event6-Output_TA1TA2,Filter6-Output_TA1TA2,RisingValue-Output_TA1TA2,FallingValue-Output_TA1TA2,NumberSetSource1-Output_TA1TA2,NumberResetSource1-Output_TA1TA2,SetOutput1_Source1-Output_TA1TA2,ResetOutput1_Source1-Output_TA1TA2,FaultLevel1-Output_TA1TA2,FaultLevel2-Output_TA1TA2,Periode_TB,ModeTimeBase-Output_TB1TB2,CompareUnit1-Output_TB1TB2,InterleavedMode-Output_TB1TB2,DeadTimeInsertion-Output_TB1TB2,DelayedProtectionMode-Output_TB1TB2,NumberUpdateTrigger-Output_TB1TB2,NumberInterruptRequests-Output_TB1TB2,NumberResetTrigger-Output_TB1TB2,UpdateTrigger1-Output_TB1TB2,ResetTrigger1-Output_TB1TB2,InterruptRequests1-Output_TB1TB2,RisingValue-Output_TB1TB2,FallingValue-Output_TB1TB2,SwapB,NumberSetSource1-Output_TB1TB2,NumberResetSource1-Output_TB1TB2,SetOutput1_Source1-Output_TB1TB2,ResetOutput1_Source1-Output_TB1TB2,FaultLevel1-Output_TB1TB2,FaultLevel2-Output_TB1TB2,SyncOptions,SyncOutputPolarity,SyncOutputSource,PrescalerRatio_TF,Periode_TF,NumberFaultEnable-Output_TF1TF2,DeadTimeInsertion-Output_TF1TF2,CompareUnit1-Output_TF1TF2,CompareValue1-Output_TF1TF2,CompareUnit2-Output_TF1TF2,CompareValue2-Output_TF1TF2,CompareUnit3-Output_TF1TF2,CompareValue3-Output_TF1TF2,CompareUnit4-Output_TF1TF2,CompareValue4-Output_TF1TF2,PrescalerDead-Output_TF1TF2,RisingValue-Output_TF1TF2,FallingValue-Output_TF1TF2,NumberSetSource1-Output_TF1TF2,NumberResetSource1-Output_TF1TF2,SetOutput1_Source1-Output_TF1TF2,FaultLevel1-Output_TF1TF2,FaultLevel2-Output_TF1TF2,PrescalerRatio_TE,Periode_TE,Event6-Output_TF1TF2,Fault_Line4,Filter_FaultLine4,FaultEnable_Source1-Output_TF1TF2,FaultEnable_Source2-Output_TF1TF2,Filter_FaultLine2,ADCTrigger_Id1,ADCTrigger_Id2,ADCTrigger_Id3,ADCTrigger_Id4,ADCTrigger_Id8,NumberADCTriggerSource1,ADCTrigger1_Source1,NumberADCTriggerSource3,ADCTrigger3_Source1,SwapA,ORingUpdateSource_ADCTrigger3,Polarity_FaultLine4,Enable_FaultLine2,Enable_FaultLine4,NumberSetSource2-Output_TE2,SetOutput2_Source1-Output_TE2,NumberResetSource2-Output_TE2,ChopperModeconfig-Output_TF1TF2,Event_EEV10,Event_EEV9,Event_EEV8,Event_EEV5,Event_EEV4,Event_EEV3,Event_EEV2,Event_EEV1,NumberFaultEnable-Output_TA1TA2,FaultEnable_Source1-Output_TA1TA2,NumberFaultEnable-Output_TB1TB2,FaultEnable_Source1-Output_TB1TB2,Event6-Output_TB1TB2,Filter6-Output_TB1TB2,Source_EEV6,Filter_EEV7,UpDownMode-Output_TF1TF2,UpDownMode-Output_TE2,NumberUpdateTrigger-Output_TE2,UpdateTrigger1-Output_TE2,NumberResetTrigger-Output_TE2,NumberInterruptRequests-Output_TF1TF2,InterruptRequests1-Output_TF1TF2,RepetitionUpdate-Output_TF1TF2,RepetitionCounter-Output_TF1TF2,rom_TF,PreloadEnable-Output_TF1TF2,ResetTrigger1-Output_TE2,Periode_TD,RepetitionCounter-Output_TD1TD2,PrescalerRatio_TD,UpDownMode-Output_TD1TD2,PreloadEnable-Output_TD1TD2,RepetitionUpdate-Output_TD1TD2,DeadTimeInsertion-Output_TD1TD2,NumberUpdateTrigger-Output_TD1TD2,UpdateTrigger1-Output_TD1TD2,NumberResetTrigger-Output_TD1TD2,CompareUnit1-Output_TD1TD2,CompareValue1-Output_TD1TD2,CompareUnit2-Output_TD1TD2,CompareValue2-Output_TD1TD2,PrescalerDead-Output_TD1TD2,RisingValue-Output_TD1TD2,FallingValue-Output_TD1TD2,NumberSetSource1-Output_TD1TD2,NumberResetSource1-Output_TD1TD2,SetOutput1_Source1-Output_TD1TD2,ResetOutput1_Source1-Output_TD1TD2,ModeTimeBase-Output_TD1TD2,ResetTrigger1-Output_TD1TD2,NumberUpdateTrigger-Output_TF1TF2,NumberDMARequests_TD,CompareUnit3-Output_TD1TD2,DMARequests1-Output_TD1TD2,DMASrcAddress-Output_TD1TD2,DMADstAddress-Output_TD1TD2,NumberDMARequests_TF,DMARequests1-Output_TF1TF2,DMASrcAddress-Output_TF1TF2,DMADstAddress-Output_TF1TF2,CompareUnit4-Output_TD1TD2,Enable
HRTIM1.IPParametersWithoutCheck=CompareValue3-Output_TE1TE2,CompareValue1-Output_TF1TF2,FallingValue-Output_TD1TD2,CompareValue4-MasterTimer,CompareValue2-Output_TD1TD2,CompareValue2-MasterTimer,CompareValue1-MasterTimer,CompareValue3-MasterTimer,RisingValue-Output_TD1TD2,FallingValue-Output_TA1TA2,CompareValue3-Output_TF1TF2,RisingValue-Output_TA1TA2,CompareValue1-Output_TD1TD2,CompareValue2-Output_TE1TE2,Periode_TB,Periode_TA,FallingValue-Output_TB1TB2,Periode_TD,Periode_TF,Periode_TE,CompareValue4-Output_TE1TE2,FallingValue-Output_TF1TF2,CompareValue2-Output_TF1TF2,CompareValue1-Output_TE1TE2,RisingValue-Output_TB1TB2,CompareValue4-Output_TF1TF2,Periode_MASTER,RisingValue-Output_TF1TF2
HRTIM1.InterleavedMode-Output_TA1TA2=HRTIM_INTERLEAVED_MODE_DUAL
HRTIM1.InterleavedMode-Output_TB1TB2=HRTIM_INTERLEAVED_MODE_DUAL
HRTIM1.InterruptRequests1-Output_TA1TA2=HRTIM_TIM_IT_DLYPRT
HRTIM1.InterruptRequests1-Output_TB1TB2=HRTIM_TIM_IT_DLYPRT
HRTIM1.InterruptRequests1-Output_TF1TF2=HRTIM_TIM_IT_NONE
HRTIM1.ModeTimeBase-Output_TA1TA2=HRTIM_MODE_SINGLESHOT_RETRIGGERABLE
HRTIM1.ModeTimeBase-Output_TB1TB2=HRTIM_MODE_SINGLESHOT_RETRIGGERABLE
HRTIM1.ModeTimeBase-Output_TD1TD2=HRTIM_MODE_SINGLESHOT_RETRIGGERABLE
HRTIM1.NumberADCTriggerSource1=1
HRTIM1.NumberADCTriggerSource3=1
HRTIM1.NumberDMARequests_TD=1
HRTIM1.NumberDMARequests_TF=1
HRTIM1.NumberFaultEnable-Output_TA1TA2=1
HRTIM1.NumberFaultEnable-Output_TB1TB2=1
HRTIM1.NumberFaultEnable-Output_TF1TF2=2
HRTIM1.NumberInterruptRequests-Output_TA1TA2=1
HRTIM1.NumberInterruptRequests-Output_TB1TB2=1
HRTIM1.NumberInterruptRequests-Output_TF1TF2=1
HRTIM1.NumberResetSource1-Output_TA1TA2=1
HRTIM1.NumberResetSource1-Output_TB1TB2=1
HRTIM1.NumberResetSource1-Output_TD1TD2=1
HRTIM1.NumberResetSource1-Output_TF1TF2=0
HRTIM1.NumberResetSource2-Output_TE2=0
HRTIM1.NumberResetTrigger-Output_TA1TA2=1
HRTIM1.NumberResetTrigger-Output_TB1TB2=1
HRTIM1.NumberResetTrigger-Output_TD1TD2=1
HRTIM1.NumberResetTrigger-Output_TE2=0
HRTIM1.NumberSetSource1-Output_TA1TA2=1
HRTIM1.NumberSetSource1-Output_TB1TB2=1
HRTIM1.NumberSetSource1-Output_TD1TD2=1
HRTIM1.NumberSetSource1-Output_TF1TF2=1
HRTIM1.NumberSetSource2-Output_TE2=1
HRTIM1.NumberUpdateTrigger-Output_TA1TA2=2
HRTIM1.NumberUpdateTrigger-Output_TB1TB2=1
HRTIM1.NumberUpdateTrigger-Output_TD1TD2=1
HRTIM1.NumberUpdateTrigger-Output_TE2=0
HRTIM1.NumberUpdateTrigger-Output_TF1TF2=1
HRTIM1.ORingUpdateSource_ADCTrigger3=HRTIM_ADCTRIGGERUPDATE_TIMER_F
HRTIM1.Periode_MASTER=(uint32_t)MASTER_PERIOD
HRTIM1.Periode_TA=(uint32_t)MASTER_PERIOD
HRTIM1.Periode_TB=(uint32_t)MASTER_PERIOD
HRTIM1.Periode_TD=(uint32_t)TIMF_PERIOD
HRTIM1.Periode_TE=(uint32_t)(TIMF_PERIOD)
HRTIM1.Periode_TF=(uint32_t)TIMF_PERIOD
HRTIM1.Polarity_FaultLine4=HRTIM_FAULTPOLARITY_LOW
HRTIM1.PreloadEnable-Output_TA1TA2=HRTIM_PRELOAD_ENABLED
HRTIM1.PreloadEnable-Output_TD1TD2=HRTIM_PRELOAD_ENABLED
HRTIM1.PreloadEnable-Output_TF1TF2=HRTIM_PRELOAD_ENABLED
HRTIM1.PrescalerDead-Output_TD1TD2=HRTIM_TIMDEADTIME_PRESCALERRATIO_MUL4
HRTIM1.PrescalerDead-Output_TF1TF2=HRTIM_TIMDEADTIME_PRESCALERRATIO_MUL4
HRTIM1.PrescalerRatio_TD=HRTIM_PRESCALERRATIO_MUL8
HRTIM1.PrescalerRatio_TE=HRTIM_PRESCALERRATIO_MUL8
HRTIM1.PrescalerRatio_TF=HRTIM_PRESCALERRATIO_MUL8
HRTIM1.RepetitionCounter-Output_TD1TD2=1
HRTIM1.RepetitionCounter-Output_TF1TF2=1
HRTIM1.RepetitionUpdate-Output_TD1TD2=HRTIM_UPDATEONREPETITION_ENABLED
HRTIM1.RepetitionUpdate-Output_TF1TF2=HRTIM_UPDATEONREPETITION_ENABLED
HRTIM1.ResetOutput1_Source1-Output_TA1TA2=HRTIM_OUTPUTRESET_MASTERPER
HRTIM1.ResetOutput1_Source1-Output_TB1TB2=HRTIM_OUTPUTRESET_TIMCMP1
HRTIM1.ResetOutput1_Source1-Output_TD1TD2=HRTIM_OUTPUTRESET_TIMCMP2
HRTIM1.ResetTrigger1-Output_TA1TA2=HRTIM_TIMRESETTRIGGER_MASTER_PER
HRTIM1.ResetTrigger1-Output_TB1TB2=HRTIM_TIMRESETTRIGGER_MASTER_CMP1
HRTIM1.ResetTrigger1-Output_TD1TD2=HRTIM_TIMRESETTRIGGER_OTHER5_CMP2
HRTIM1.ResetTrigger1-Output_TE2=HRTIM_TIMRESETTRIGGER_OTHER5_CMP1
HRTIM1.RisingValue-Output_TA1TA2=(uint32_t)(LLC_DEADTIME)
HRTIM1.RisingValue-Output_TB1TB2=(uint32_t)(LLC_DEADTIME)
HRTIM1.RisingValue-Output_TD1TD2=(uint32_t)(TIMD_DEADTIME)
HRTIM1.RisingValue-Output_TF1TF2=(uint32_t)(TIMF_DEADTIME)
HRTIM1.SetOutput1_Source1-Output_TA1TA2=HRTIM_OUTPUTSET_TIMCMP1
HRTIM1.SetOutput1_Source1-Output_TB1TB2=HRTIM_OUTPUTSET_MASTERCMP1
HRTIM1.SetOutput1_Source1-Output_TD1TD2=HRTIM_OUTPUTSET_TIMCMP1
HRTIM1.SetOutput1_Source1-Output_TF1TF2=HRTIM_OUTPUTSET_TIMCMP1
HRTIM1.SetOutput2_Source1-Output_TE2=HRTIM_OUTPUTSET_TIMEEV8_TIMFCMP3
HRTIM1.Source_EEV6=HRTIM_EEV6SRC_COMP1_OUT
HRTIM1.SwapA=__NULL
HRTIM1.SwapB=__NULL
HRTIM1.SyncOptions=HRTIM_SYNCOPTION_MASTER
HRTIM1.SyncOutputPolarity=HRTIM_SYNCOUTPUTPOLARITY_POSITIVE
HRTIM1.SyncOutputSource=HRTIM_SYNCOUTPUTSOURCE_TIMA_CMP1
HRTIM1.UpDownMode-Output_TD1TD2=HRTIM_TIMERUPDOWNMODE_UPDOWN
HRTIM1.UpDownMode-Output_TE2=HRTIM_TIMERUPDOWNMODE_UPDOWN
HRTIM1.UpDownMode-Output_TF1TF2=HRTIM_TIMERUPDOWNMODE_UPDOWN
HRTIM1.UpdateTrigger1-Output_TA1TA2=HRTIM_TIMUPDATETRIGGER_MASTER
HRTIM1.UpdateTrigger1-Output_TB1TB2=HRTIM_TIMUPDATETRIGGER_MASTER
HRTIM1.UpdateTrigger1-Output_TD1TD2=HRTIM_TIMUPDATETRIGGER_TIMER_F
HRTIM1.UpdateTrigger1-Output_TE2=HRTIM_TIMUPDATETRIGGER_TIMER_F
HRTIM1.rom_TF=HRTIM_TIM_ROM_BOTH
KeepUserPlacement=false
Mcu.CPN=STM32G474QET6
Mcu.Family=STM32G4
Mcu.IP0=ADC1
Mcu.IP1=ADC2
Mcu.IP10=DAC1
Mcu.IP11=DAC2
Mcu.IP12=DAC3
Mcu.IP13=DAC4
Mcu.IP14=DMA
Mcu.IP15=FATFS
Mcu.IP16=FDCAN1
Mcu.IP17=HRTIM1
Mcu.IP18=NVIC
Mcu.IP19=OPAMP1
Mcu.IP2=ADC3
Mcu.IP20=OPAMP2
Mcu.IP21=OPAMP4
Mcu.IP22=OPAMP5
Mcu.IP23=RCC
Mcu.IP24=SPI1
Mcu.IP25=SPI3
Mcu.IP26=SPI4
Mcu.IP27=SYS
Mcu.IP28=TIM1
Mcu.IP29=TIM8
Mcu.IP3=ADC5
Mcu.IP30=TIM20
Mcu.IP31=USART3
Mcu.IP4=COMP1
Mcu.IP5=COMP2
Mcu.IP6=COMP3
Mcu.IP7=COMP4
Mcu.IP8=COMP6
Mcu.IP9=COMP7
Mcu.IPNb=32
Mcu.Name=STM32G474Q(B-C-E)Tx
Mcu.Package=LQFP128
Mcu.Pin0=PE2
Mcu.Pin1=PE3
Mcu.Pin10=PC1
Mcu.Pin11=PC3
Mcu.Pin12=PA0
Mcu.Pin13=PA1
Mcu.Pin14=PA2
Mcu.Pin15=PA3
Mcu.Pin16=PA4
Mcu.Pin17=PA6
Mcu.Pin18=PA7
Mcu.Pin19=PC4
Mcu.Pin2=PE4
Mcu.Pin20=PC5
Mcu.Pin21=PB0
Mcu.Pin22=PB1
Mcu.Pin23=PF11
Mcu.Pin24=PF13
Mcu.Pin25=PE7
Mcu.Pin26=PE8
Mcu.Pin27=PE10
Mcu.Pin28=PE11
Mcu.Pin29=PE12
Mcu.Pin3=PE5
Mcu.Pin30=PE13
Mcu.Pin31=PE15
Mcu.Pin32=PB10
Mcu.Pin33=PB11
Mcu.Pin34=PB12
Mcu.Pin35=PB13
Mcu.Pin36=PB14
Mcu.Pin37=PB15
Mcu.Pin38=PD8
Mcu.Pin39=PD9
Mcu.Pin4=PE6
Mcu.Pin40=PD10
Mcu.Pin41=PD11
Mcu.Pin42=PD12
Mcu.Pin43=PD13
Mcu.Pin44=PD14
Mcu.Pin45=PD15
Mcu.Pin46=PC6
Mcu.Pin47=PC7
Mcu.Pin48=PG1
Mcu.Pin49=PG2
Mcu.Pin5=PC14-OSC32_IN
Mcu.Pin50=PG3
Mcu.Pin51=PG4
Mcu.Pin52=PC8
Mcu.Pin53=PC9
Mcu.Pin54=PA8
Mcu.Pin55=PA9
Mcu.Pin56=PA10
Mcu.Pin57=PA11
Mcu.Pin58=PA13
Mcu.Pin59=PA14
Mcu.Pin6=PC15-OSC32_OUT
Mcu.Pin60=PA15
Mcu.Pin61=PC11
Mcu.Pin62=PC12
Mcu.Pin63=PG9
Mcu.Pin64=PD0
Mcu.Pin65=PD1
Mcu.Pin66=PD2
Mcu.Pin67=PD3
Mcu.Pin68=PD4
Mcu.Pin69=PD5
Mcu.Pin7=PF5
Mcu.Pin70=PD6
Mcu.Pin71=PD7
Mcu.Pin72=PB3
Mcu.Pin73=PB9
Mcu.Pin74=PE0
Mcu.Pin75=PE1
Mcu.Pin76=VP_ADC3_Vbat_Input
Mcu.Pin77=VP_ADC5_OPAMP_INTERNAL5
Mcu.Pin78=VP_ADC5_TempSens_Input
Mcu.Pin79=VP_COMP1_VS_DAC3OUT1
Mcu.Pin8=PF0-OSC_IN
Mcu.Pin80=VP_COMP2_VS_DAC1OUT2
Mcu.Pin81=VP_COMP3_VS_VREFINT
Mcu.Pin82=VP_COMP4_VS_DAC3OUT2
Mcu.Pin83=VP_COMP6_VS_DAC2OUT1
Mcu.Pin84=VP_COMP7_VS_DAC2OUT1
Mcu.Pin85=VP_DAC1_VS_DACI2
Mcu.Pin86=VP_DAC2_VS_DACI1
Mcu.Pin87=VP_DAC3_VS_DACI1
Mcu.Pin88=VP_DAC3_VS_DACI2
Mcu.Pin89=VP_DAC4_VS_DACI1
Mcu.Pin9=PF1-OSC_OUT
Mcu.Pin90=VP_DAC4_VS_DACI2
Mcu.Pin91=VP_FATFS_VS_Generic
Mcu.Pin92=VP_HRTIM1_VS_hrtimMasterTimerNoOutput
Mcu.Pin93=VP_SYS_VS_Systick
Mcu.Pin94=VP_SYS_VS_DBSignals
Mcu.Pin95=VP_TIM1_VS_ClockSourceINT
Mcu.Pin96=VP_TIM1_VS_OPM
Mcu.Pin97=VP_TIM8_VS_ClockSourceINT
Mcu.Pin98=VP_TIM20_VS_ClockSourceINT
Mcu.PinsNb=99
Mcu.ThirdPartyNb=0
Mcu.UserConstants=
Mcu.UserName=STM32G474QETx
MxCube.Version=6.5.0
MxDb.Version=DB.6.0.50
NVIC.BusFault_IRQn=true\:0\:0\:false\:false\:true\:false\:false\:true
NVIC.DMA1_Channel1_IRQn=true\:1\:0\:true\:false\:false\:true\:false\:true
NVIC.DMA1_Channel2_IRQn=true\:1\:0\:true\:false\:false\:false\:false\:true
NVIC.DMA1_Channel3_IRQn=true\:1\:0\:true\:false\:false\:false\:false\:true
NVIC.DMA1_Channel4_IRQn=true\:0\:0\:false\:false\:false\:true\:false\:true
NVIC.DMA1_Channel5_IRQn=true\:1\:0\:true\:false\:false\:true\:false\:true
NVIC.DMA1_Channel6_IRQn=true\:0\:0\:false\:false\:false\:true\:false\:true
NVIC.DebugMonitor_IRQn=true\:0\:0\:false\:false\:true\:false\:false\:true
NVIC.ForceEnableDMAVector=false
NVIC.HRTIM1_TIMF_IRQn=true\:0\:0\:false\:false\:false\:true\:false\:true
NVIC.HardFault_IRQn=true\:0\:0\:false\:false\:true\:false\:false\:true
NVIC.MemoryManagement_IRQn=true\:0\:0\:false\:false\:true\:false\:false\:true
NVIC.NonMaskableInt_IRQn=true\:0\:0\:false\:false\:true\:false\:false\:true
NVIC.PendSV_IRQn=true\:0\:0\:false\:false\:true\:false\:false\:true
NVIC.PriorityGroup=NVIC_PRIORITYGROUP_4
NVIC.SVCall_IRQn=true\:0\:0\:false\:false\:true\:false\:false\:true
NVIC.SysTick_IRQn=true\:15\:0\:false\:false\:true\:false\:true\:true
NVIC.UsageFault_IRQn=true\:0\:0\:false\:false\:true\:false\:false\:true
OPAMP1.IPParameters=PowerMode
OPAMP1.PowerMode=OPAMP_POWERMODE_HIGHSPEED
PA0.GPIOParameters=GPIO_Label
PA0.GPIO_Label=I_PV_ADC1_IN1
PA0.Locked=true
PA0.Mode=IN1-Single-Ended
PA0.Signal=ADC1_IN1
PA1.GPIOParameters=GPIO_Label
PA1.GPIO_Label=I_PV_OPAMP_VINP
PA1.Locked=true
PA1.Mode=PGA Connected-INVERTINGINPUT_IO0_IO1_BIAS
PA1.Signal=OPAMP1_VINP
PA10.Locked=true
PA10.Mode=Output_TB1TB2
PA10.Signal=HRTIM1_CHB1
PA11.Locked=true
PA11.Mode=Output_TB1TB2
PA11.Signal=HRTIM1_CHB2
PA13.Mode=Trace_Asynchronous_SW
PA13.Signal=SYS_JTMS-SWDIO
PA14.Mode=Trace_Asynchronous_SW
PA14.Signal=SYS_JTCK-SWCLK
PA15.GPIOParameters=GPIO_Label
PA15.GPIO_Label=UV_TOP_MOS
PA15.Locked=true
PA15.Mode=Fault_Enable2
PA15.Signal=HRTIM1_FLT2
PA2.GPIOParameters=GPIO_Label
PA2.GPIO_Label=I_PV_OPAMP1_OUT
PA2.Locked=true
PA2.Mode=PGA Connected-INVERTINGINPUT_IO0_IO1_BIAS
PA2.Signal=OPAMP1_VOUT
PA3.GPIOParameters=GPIO_Label
PA3.GPIO_Label=I_PV_OPAMP_VINM0
PA3.Locked=true
PA3.Mode=PGA Connected-INVERTINGINPUT_IO0_IO1_BIAS
PA3.Signal=OPAMP1_VINM0
PA4.Locked=true
PA4.Signal=COMP_DAC11_group
PA6.GPIOParameters=GPIO_Label
PA6.GPIO_Label=I_LLC_OPAMP2_OUT
PA6.Locked=true
PA6.Mode=PGA Not Connected
PA6.Signal=OPAMP2_VOUT
PA7.GPIOParameters=GPIO_Label
PA7.GPIO_Label=I_PV_COMP2
PA7.Locked=true
PA7.Mode=INP
PA7.Signal=COMP2_INP
PA8.Locked=true
PA8.Mode=Output_TA1TA2
PA8.Signal=HRTIM1_CHA1
PA9.Locked=true
PA9.Mode=Output_TA1TA2
PA9.Signal=HRTIM1_CHA2
PB0.GPIOParameters=GPIO_Label
PB0.GPIO_Label=I_LLC_OPAMP2_COMP4
PB0.Locked=true
PB0.Signal=SharedAnalog_PB0
PB1.GPIOParameters=GPIO_Label
PB1.GPIO_Label=I_LLC_COMP1
PB1.Locked=true
PB1.Mode=INP
PB1.Signal=COMP1_INP
PB10.GPIOParameters=GPIO_Label
PB10.GPIO_Label=VPV_OPAMP4_VINM
PB10.Locked=true
PB10.Mode=Standalone
PB10.Signal=OPAMP4_VINM
PB11.GPIOParameters=GPIO_Label
PB11.GPIO_Label=VPV_ADC1_IN14
PB11.Locked=true
PB11.Mode=IN14-Single-Ended
PB11.Signal=ADC1_IN14
PB12.GPIOParameters=GPIO_Label
PB12.GPIO_Label=VPV_OPAMP4_OUT
PB12.Locked=true
PB12.Mode=Standalone
PB12.Signal=OPAMP4_VOUT
PB13.GPIOParameters=GPIO_Label
PB13.GPIO_Label=VPV_OPAMP4_INP
PB13.Locked=true
PB13.Mode=Standalone
PB13.Signal=OPAMP4_VINP
PB14.GPIOParameters=GPIO_Label
PB14.GPIO_Label=IN_TOP_LF_MOS+
PB14.Locked=true
PB14.Mode=Output_TD1TD2
PB14.Signal=HRTIM1_CHD1
PB15.GPIOParameters=GPIO_Label
PB15.GPIO_Label=IN_BOTT_LF_MOS+
PB15.Locked=true
PB15.Mode=Output_TD1TD2
PB15.Signal=HRTIM1_CHD2
PB3.Locked=true
PB3.Mode=Trace_Asynchronous_SW
PB3.Signal=SYS_JTDO-SWO
PB9.GPIOParameters=GPIO_Label
PB9.GPIO_Label=PWM_isoDCDC
PB9.Locked=true
PB9.Signal=S_TIM8_CH3
PC1.GPIOParameters=GPIO_Label
PC1.GPIO_Label=NTC_MOS_ADC2_IN7_COMP3
PC1.Locked=true
PC1.Signal=SharedAnalog_PC1
PC11.GPIOParameters=GPIO_Speed,GPIO_Label
PC11.GPIO_Label=SPI3_MISO_DCAC
PC11.GPIO_Speed=GPIO_SPEED_FREQ_HIGH
PC11.Locked=true
PC11.Mode=Full_Duplex_Slave
PC11.Signal=SPI3_MISO
PC12.GPIOParameters=GPIO_Speed,GPIO_Label
PC12.GPIO_Label=SPI3_MOSI_DCAC
PC12.GPIO_Speed=GPIO_SPEED_FREQ_HIGH
PC12.Mode=Full_Duplex_Slave
PC12.Signal=SPI3_MOSI
PC14-OSC32_IN.Locked=true
PC14-OSC32_IN.Mode=LSE-External-Oscillator
PC14-OSC32_IN.Signal=RCC_OSC32_IN
PC15-OSC32_OUT.Locked=true
PC15-OSC32_OUT.Mode=LSE-External-Oscillator
PC15-OSC32_OUT.Signal=RCC_OSC32_OUT
PC3.GPIOParameters=GPIO_Label
PC3.GPIO_Label=NTC_SHUNT_ADC2_IN9
PC3.Locked=true
PC3.Mode=IN9-Single-Ended
PC3.Signal=ADC2_IN9
PC4.GPIOParameters=GPIO_Label
PC4.GPIO_Label=I_LLC_ADC2_IN5
PC4.Locked=true
PC4.Mode=IN5-Single-Ended
PC4.Signal=ADC2_IN5
PC5.GPIOParameters=GPIO_Label
PC5.GPIO_Label=I_PV_OPAMP_VINM1
PC5.Locked=true
PC5.Mode=PGA Connected-INVERTINGINPUT_IO0_IO1_BIAS
PC5.Signal=OPAMP1_VINM1
PC6.GPIOParameters=GPIO_Label
PC6.GPIO_Label=IN_TOP_HF_MOS+
PC6.Locked=true
PC6.Mode=Output_TF1TF2
PC6.Signal=HRTIM1_CHF1
PC7.GPIOParameters=GPIO_Label
PC7.GPIO_Label=IN_BOTT_HF_MOS+
PC7.Locked=true
PC7.Mode=Output_TF1TF2
PC7.Signal=HRTIM1_CHF2
PC8.GPIOParameters=GPIO_Speed,PinState,GPIO_PuPd,GPIO_Label
PC8.GPIO_Label=SD_CS
PC8.GPIO_PuPd=GPIO_PULLUP
PC8.GPIO_Speed=GPIO_SPEED_FREQ_HIGH
PC8.Locked=true
PC8.PinState=GPIO_PIN_SET
PC8.Signal=GPIO_Output
PC9.GPIOParameters=GPIO_Label
PC9.GPIO_Label=TRIG_ADC_GRID
PC9.Locked=true
PC9.Mode=Output_TE2
PC9.Signal=HRTIM1_CHE2
PD0.Locked=true
PD0.Mode=FDCAN_Activate
PD0.Signal=FDCAN1_RX
PD1.Mode=FDCAN_Activate
PD1.Signal=FDCAN1_TX
PD10.GPIOParameters=PinState,GPIO_Label,GPIO_ModeDefaultOutputPP
PD10.GPIO_Label=ESP_EN
PD10.GPIO_ModeDefaultOutputPP=GPIO_MODE_OUTPUT_OD
PD10.Locked=true
PD10.PinState=GPIO_PIN_SET
PD10.Signal=GPIO_Output
PD11.GPIOParameters=GPIO_Label
PD11.GPIO_Label=RELAY_SENSE_COMP6
PD11.Locked=true
PD11.Mode=INP
PD11.Signal=COMP6_INP
PD12.GPIOParameters=GPIO_Label
PD12.GPIO_Label=RELAY_SENSE_OPAMP5
PD12.Locked=true
PD12.Mode=Follower_Internally_Connected
PD12.Signal=OPAMP5_VINP
PD13.GPIOParameters=GPIO_Label
PD13.GPIO_Label=HVDC_FUSE_MON
PD13.Locked=true
PD13.Signal=GPIO_Input
PD14.GPIOParameters=GPIO_Label
PD14.GPIO_Label=OC_OUT_GRID
PD14.Locked=true
PD14.Mode=INP
PD14.Signal=COMP7_INP
PD15.GPIOParameters=GPIO_Label
PD15.GPIO_Label=AC_FUSE_MON
PD15.Locked=true
PD15.Signal=GPIO_Input
PD2.GPIOParameters=GPIO_Label
PD2.GPIO_Label=EN_isoDCDC
PD2.Locked=true
PD2.Signal=GPIO_Output
PD3.GPIOParameters=GPIO_Label
PD3.GPIO_Label=RELAY_GRID_LVL2
PD3.Locked=true
PD3.Signal=GPIO_Output
PD4.GPIOParameters=GPIO_Label
PD4.GPIO_Label=RELAY_GRID
PD4.Locked=true
PD4.Signal=GPIO_Output
PD5.Locked=true
PD5.Signal=GPIO_Input
PD6.Locked=true
PD6.Signal=GPIO_Input
PD7.GPIOParameters=GPIO_Label
PD7.GPIO_Label=PGOOD_12V
PD7.Locked=true
PD7.Signal=GPIO_Input
PD8.GPIOParameters=GPIO_Label
PD8.GPIO_Label=ESP_USART3_TX
PD8.Locked=true
PD8.Mode=Asynchronous
PD8.Signal=USART3_TX
PD9.GPIOParameters=GPIO_Label
PD9.GPIO_Label=ESP_USART3_RX
PD9.Locked=true
PD9.Mode=Asynchronous
PD9.Signal=USART3_RX
PE0.Locked=true
PE0.Signal=GPIO_Input
PE1.Locked=true
PE1.Signal=GPIO_Input
PE10.GPIOParameters=GPIO_Label
PE10.GPIO_Label=NTC4
PE10.Locked=true
PE10.Mode=IN14-Single-Ended
PE10.Signal=ADC3_IN14
PE11.GPIOParameters=GPIO_Label
PE11.GPIO_Label=NTC3
PE11.Locked=true
PE11.Mode=IN15-Single-Ended
PE11.Signal=ADC3_IN15
PE12.Locked=true
PE12.Mode=PWM Generation3 CH3 CH3N
PE12.Signal=TIM1_CH3N
PE13.Locked=true
PE13.Signal=S_TIM1_CH3
PE15.GPIOParameters=GPIO_Label
PE15.GPIO_Label=OC_OUT_DCAC
PE15.Locked=true
PE15.Signal=TIM1_BKIN
PE2.GPIOParameters=GPIO_Speed,GPIO_Label
PE2.GPIO_Label=SPI4_SCK_GRID
PE2.GPIO_Speed=GPIO_SPEED_FREQ_HIGH
PE2.Locked=true
PE2.Mode=Full_Duplex_Slave
PE2.Signal=SPI4_SCK
PE3.GPIOParameters=GPIO_Label
PE3.GPIO_Label=IN_TOP_LF_MOS_GPIO
PE3.Locked=true
PE3.Signal=GPIO_Input
PE4.GPIOParameters=GPIO_Label
PE4.GPIO_Label=PGOOD_5V
PE4.Locked=true
PE4.Signal=GPIO_Input
PE5.GPIOParameters=GPIO_Speed,GPIO_Label
PE5.GPIO_Label=SPI4_MISO_GRID
PE5.GPIO_Speed=GPIO_SPEED_FREQ_HIGH
PE5.Locked=true
PE5.Mode=Full_Duplex_Slave
PE5.Signal=SPI4_MISO
PE6.GPIOParameters=GPIO_Speed,GPIO_Label
PE6.GPIO_Label=SPI4_MOSI_GRID
PE6.GPIO_Speed=GPIO_SPEED_FREQ_HIGH
PE6.Locked=true
PE6.Mode=Full_Duplex_Slave
PE6.Signal=SPI4_MOSI
PE7.GPIOParameters=GPIO_Label
PE7.GPIO_Label=VMON_V12
PE7.Locked=true
PE7.Mode=IN4-Single-Ended
PE7.Signal=ADC3_IN4
PE8.GPIOParameters=GPIO_Label
PE8.GPIO_Label=NTC5
PE8.Locked=true
PE8.Mode=IN6-Single-Ended
PE8.Signal=ADC3_IN6
PF0-OSC_IN.Locked=true
PF0-OSC_IN.Mode=HSE-External-Oscillator
PF0-OSC_IN.Signal=RCC_OSC_IN
PF1-OSC_OUT.Locked=true
PF1-OSC_OUT.Mode=HSE-External-Oscillator
PF1-OSC_OUT.Signal=RCC_OSC_OUT
PF11.GPIOParameters=GPIO_Label
PF11.GPIO_Label=STATUS2_LED
PF11.Locked=true
PF11.Signal=GPIO_Output
PF13.GPIOParameters=GPIO_Label
PF13.GPIO_Label=STATUS1_LED
PF13.Locked=true
PF13.Signal=GPIO_Output
PF5.Locked=true
PF5.Signal=GPIO_Output
PG1.GPIOParameters=GPIO_Label
PG1.GPIO_Label=IN_BOTT_LF_MOS_GPIO
PG1.Locked=true
PG1.Signal=GPIO_Input
PG2.GPIOParameters=GPIO_Speed,GPIO_PuPd
PG2.GPIO_PuPd=GPIO_PULLUP
PG2.GPIO_Speed=GPIO_SPEED_FREQ_HIGH
PG2.Locked=true
PG2.Mode=Full_Duplex_Master
PG2.Signal=SPI1_SCK
PG3.GPIOParameters=GPIO_Speed,GPIO_PuPd
PG3.GPIO_PuPd=GPIO_PULLUP
PG3.GPIO_Speed=GPIO_SPEED_FREQ_HIGH
PG3.Locked=true
PG3.Mode=Full_Duplex_Master
PG3.Signal=SPI1_MISO
PG4.GPIOParameters=GPIO_Speed,GPIO_PuPd
PG4.GPIO_PuPd=GPIO_PULLUP
PG4.GPIO_Speed=GPIO_SPEED_FREQ_HIGH
PG4.Locked=true
PG4.Mode=Full_Duplex_Master
PG4.Signal=SPI1_MOSI
PG9.GPIOParameters=GPIO_Speed,GPIO_Label
PG9.GPIO_Label=SPI3_SCK_DCAC
PG9.GPIO_Speed=GPIO_SPEED_FREQ_HIGH
PG9.Locked=true
PG9.Mode=Full_Duplex_Slave
PG9.Signal=SPI3_SCK
PinOutPanel.RotationAngle=0
ProjectManager.AskForMigrate=true
ProjectManager.BackupPrevious=true
ProjectManager.CompilerOptimize=6
ProjectManager.ComputerToolchain=false
ProjectManager.CoupleFile=false
ProjectManager.CustomerFirmwarePackage=
ProjectManager.DefaultFWLocation=true
ProjectManager.DeletePrevious=true
ProjectManager.DeviceId=STM32G474QETx
ProjectManager.FirmwarePackage=STM32Cube FW_G4 V1.5.0
ProjectManager.FreePins=false
ProjectManager.HalAssertFull=false
ProjectManager.HeapSize=0x200
ProjectManager.KeepUserCode=true
ProjectManager.LastFirmware=true
ProjectManager.LibraryCopy=1
ProjectManager.MainLocation=Core/Src
ProjectManager.NoMain=false
ProjectManager.PreviousToolchain=STM32CubeIDE
ProjectManager.ProjectBuild=false
ProjectManager.ProjectFileName=Microinverter_V2.0_DCDC.ioc
ProjectManager.ProjectName=Microinverter_V2.0_DCDC
ProjectManager.RegisterCallBack=
ProjectManager.StackSize=0x400
ProjectManager.TargetToolchain=STM32CubeIDE
ProjectManager.ToolChainLocation=
ProjectManager.UnderRoot=true
ProjectManager.functionlistsort=1-SystemClock_Config-RCC-false-LL-false,2-MX_GPIO_Init-GPIO-false-LL-true,3-MX_DMA_Init-DMA-false-LL-true,4-MX_ADC2_Init-ADC2-false-LL-true,5-MX_ADC3_Init-ADC3-false-LL-true,6-MX_ADC5_Init-ADC5-false-LL-true,7-MX_COMP1_Init-COMP1-false-LL-true,8-MX_COMP2_Init-COMP2-false-LL-true,9-MX_COMP4_Init-COMP4-false-LL-true,10-MX_COMP6_Init-COMP6-false-LL-true,11-MX_COMP7_Init-COMP7-false-LL-true,12-MX_DAC1_Init-DAC1-false-LL-true,13-MX_OPAMP1_Init-OPAMP1-false-LL-true,14-MX_OPAMP2_Init-OPAMP2-false-LL-true,15-MX_OPAMP4_Init-OPAMP4-false-LL-true,16-MX_OPAMP5_Init-OPAMP5-false-LL-true,17-MX_SPI4_Init-SPI4-false-HAL-true,18-MX_TIM1_Init-TIM1-true-HAL-true,19-MX_USART3_UART_Init-USART3-false-HAL-true,20-MX_COMP3_Init-COMP3-false-LL-true,21-MX_FDCAN1_Init-FDCAN1-false-HAL-true,22-MX_HRTIM1_Init-HRTIM1-true-HAL-true,23-MX_SPI3_Init-SPI3-false-HAL-true,24-MX_TIM8_Init-TIM8-false-LL-true,25-MX_TIM20_Init-TIM20-false-LL-true,26-MX_DAC2_Init-DAC2-false-LL-true,27-MX_DAC3_Init-DAC3-false-LL-true,28-MX_DAC4_Init-DAC4-false-LL-true,29-MX_ADC1_Init-ADC1-false-LL-true,30-MX_SPI1_Init-SPI1-false-HAL-true,31-MX_FATFS_Init-FATFS-false-HAL-false
RCC.ADC12CLockSelection=RCC_ADC12CLKSOURCE_PLL
RCC.ADC12Freq_Value=56666666.666666664
RCC.ADC345Freq_Value=170000000
RCC.AHBFreq_Value=170000000
RCC.APB1Freq_Value=170000000
RCC.APB1TimFreq_Value=170000000
RCC.APB2Freq_Value=170000000
RCC.APB2TimFreq_Value=170000000
RCC.CRSFreq_Value=48000000
RCC.CortexFreq_Value=170000000
RCC.EXTERNAL_CLOCK_VALUE=12288000
RCC.FCLKCortexFreq_Value=170000000
RCC.FDCANFreq_Value=170000000
RCC.FamilyName=M
RCC.HCLKFreq_Value=170000000
RCC.HRTIM1Freq_Value=170000000
RCC.HSE_VALUE=24000000
RCC.HSI48_VALUE=48000000
RCC.HSI_VALUE=16000000
RCC.I2C1Freq_Value=170000000
RCC.I2C2Freq_Value=170000000
RCC.I2C3Freq_Value=170000000
RCC.I2C4Freq_Value=170000000
RCC.I2SFreq_Value=170000000
RCC.IPParameters=ADC12CLockSelection,ADC12Freq_Value,ADC345Freq_Value,AHBFreq_Value,APB1Freq_Value,APB1TimFreq_Value,APB2Freq_Value,APB2TimFreq_Value,CRSFreq_Value,CortexFreq_Value,EXTERNAL_CLOCK_VALUE,FCLKCortexFreq_Value,FDCANFreq_Value,FamilyName,HCLKFreq_Value,HRTIM1Freq_Value,HSE_VALUE,HSI48_VALUE,HSI_VALUE,I2C1Freq_Value,I2C2Freq_Value,I2C3Freq_Value,I2C4Freq_Value,I2SFreq_Value,LPTIM1Freq_Value,LPUART1Freq_Value,LSCOPinFreq_Value,LSI_VALUE,MCO1PinFreq_Value,PLLM,PLLN,PLLP,PLLPoutputFreq_Value,PLLQoutputFreq_Value,PLLRCLKFreq_Value,PLLSourceVirtual,PWRFreq_Value,QSPIFreq_Value,RNGFreq_Value,SAI1Freq_Value,SYSCLKFreq_VALUE,SYSCLKSource,UART4Freq_Value,UART5Freq_Value,USART1Freq_Value,USART2Freq_Value,USART3Freq_Value,USBFreq_Value,VCOInputFreq_Value,VCOOutputFreq_Value
RCC.LPTIM1Freq_Value=170000000
RCC.LPUART1Freq_Value=170000000
RCC.LSCOPinFreq_Value=32000
RCC.LSI_VALUE=32000
RCC.MCO1PinFreq_Value=16000000
RCC.PLLM=RCC_PLLM_DIV6
RCC.PLLN=85
RCC.PLLP=RCC_PLLP_DIV6
RCC.PLLPoutputFreq_Value=56666666.666666664
RCC.PLLQoutputFreq_Value=170000000
RCC.PLLRCLKFreq_Value=170000000
RCC.PLLSourceVirtual=RCC_PLLSOURCE_HSE
RCC.PWRFreq_Value=170000000
RCC.QSPIFreq_Value=170000000
RCC.RNGFreq_Value=170000000
RCC.SAI1Freq_Value=170000000
RCC.SYSCLKFreq_VALUE=170000000
RCC.SYSCLKSource=RCC_SYSCLKSOURCE_PLLCLK
RCC.UART4Freq_Value=170000000
RCC.UART5Freq_Value=170000000
RCC.USART1Freq_Value=170000000
RCC.USART2Freq_Value=170000000
RCC.USART3Freq_Value=170000000
RCC.USBFreq_Value=170000000
RCC.VCOInputFreq_Value=4000000
RCC.VCOOutputFreq_Value=340000000
SH.COMP_DAC11_group.0=DAC1_OUT1,DAC_OUT1
SH.COMP_DAC11_group.ConfNb=1
SH.S_TIM1_CH3.0=TIM1_CH3,PWM Generation3 CH3 CH3N
SH.S_TIM1_CH3.ConfNb=1
SH.S_TIM8_CH3.0=TIM8_CH3,PWM Generation3 CH3
SH.S_TIM8_CH3.ConfNb=1
SH.SharedAnalog_PB0.0=COMP4_INP,INP
SH.SharedAnalog_PB0.1=OPAMP2_VINP,PGA Not Connected
SH.SharedAnalog_PB0.ConfNb=2
SH.SharedAnalog_PC1.0=COMP3_INP,INP
SH.SharedAnalog_PC1.1=ADC2_IN7,IN7-Single-Ended
SH.SharedAnalog_PC1.ConfNb=2
SPI1.BaudRatePrescaler=SPI_BAUDRATEPRESCALER_256
SPI1.CalculateBaudRate=664.062 KBits/s
SPI1.DataSize=SPI_DATASIZE_8BIT
SPI1.Direction=SPI_DIRECTION_2LINES
SPI1.IPParameters=VirtualType,Mode,Direction,BaudRatePrescaler,CalculateBaudRate,DataSize,NSSPMode
SPI1.Mode=SPI_MODE_MASTER
SPI1.NSSPMode=SPI_NSS_PULSE_DISABLE
SPI1.VirtualType=VM_MASTER
SPI3.DataSize=SPI_DATASIZE_16BIT
SPI3.Direction=SPI_DIRECTION_2LINES
SPI3.IPParameters=VirtualType,Mode,Direction,DataSize
SPI3.Mode=SPI_MODE_SLAVE
SPI3.VirtualType=VM_SLAVE
SPI4.DataSize=SPI_DATASIZE_16BIT
SPI4.Direction=SPI_DIRECTION_2LINES
SPI4.IPParameters=VirtualType,Mode,Direction,DataSize
SPI4.Mode=SPI_MODE_SLAVE
SPI4.VirtualType=VM_SLAVE
TIM1.AutomaticOutput=TIM_AUTOMATICOUTPUT_ENABLE
TIM1.BreakFilter=1
TIM1.BreakState=TIM_BREAK_ENABLE
TIM1.Channel-PWM\ Generation3\ CH3\ CH3N=TIM_CHANNEL_3
TIM1.DeadTime=100
TIM1.DeadTimePreload=ENABLE
TIM1.IPParameters=Channel-PWM Generation3 CH3 CH3N,SourceBRKCOMP7,AutomaticOutput,OffStateRunMode,OffStateIDLEMode,DeadTimePreload,DeadTime,PulseNoDither_3,OCFastMode_PWM-PWM Generation3 CH3 CH3N,OCPolarity_3,OCNPolarity_3,OCIdleState_3,SourceBRKDigInput,SourceBRKCOMP1,SourceBRKCOMP2,SourceBRKCOMP6,SourceBRKCOMP4,BreakState,BreakFilter
TIM1.OCFastMode_PWM-PWM\ Generation3\ CH3\ CH3N=TIM_OCFAST_ENABLE
TIM1.OCIdleState_3=TIM_OCIDLESTATE_SET
TIM1.OCNPolarity_3=TIM_OCNPOLARITY_LOW
TIM1.OCPolarity_3=TIM_OCPOLARITY_LOW
TIM1.OffStateIDLEMode=TIM_OSSI_ENABLE
TIM1.OffStateRunMode=TIM_OSSR_ENABLE
TIM1.PulseNoDither_3=65535
TIM1.SourceBRKCOMP1=TIM_BREAKINPUTSOURCE_DISABLE
TIM1.SourceBRKCOMP2=TIM_BREAKINPUTSOURCE_DISABLE
TIM1.SourceBRKCOMP4=TIM_BREAKINPUTSOURCE_DISABLE
TIM1.SourceBRKCOMP6=TIM_BREAKINPUTSOURCE_DISABLE
TIM1.SourceBRKCOMP7=TIM_BREAKINPUTSOURCE_ENABLE
TIM1.SourceBRKDigInput=TIM_BREAKINPUTSOURCE_DISABLE
TIM20.IPParameters=TIM_MasterOutputTrigger,PeriodNoDither
TIM20.IPParametersWithoutCheck=PulseNoDither_2,DeadTime,PeriodNoDither
TIM20.PeriodNoDither=(uint16_t)(TIM20_PERIOD)
TIM20.TIM_MasterOutputTrigger=TIM_TRGO_ENABLE
TIM8.AutomaticOutput=TIM_AUTOMATICOUTPUT_ENABLE
TIM8.Channel-PWM\ Generation3\ CH3=TIM_CHANNEL_3
TIM8.IPParameters=Channel-PWM Generation3 CH3,PeriodNoDither,PulseNoDither_3,AutomaticOutput
TIM8.IPParametersWithoutCheck=PulseNoDither_3,PeriodNoDither
TIM8.PeriodNoDither=ISO_DCDC_PERIOD
TIM8.PulseNoDither_3=ISO_DCDC_PERIOD*ISO_DCDC_DUTY
USART3.IPParameters=VirtualMode-Asynchronous
USART3.VirtualMode-Asynchronous=VM_ASYNC
VP_ADC3_Vbat_Input.Mode=IN-Vbat
VP_ADC3_Vbat_Input.Signal=ADC3_Vbat_Input
VP_ADC5_OPAMP_INTERNAL5.Mode=IN-OPAMP5
VP_ADC5_OPAMP_INTERNAL5.Signal=ADC5_OPAMP_INTERNAL5
VP_ADC5_TempSens_Input.Mode=IN-TempSens
VP_ADC5_TempSens_Input.Signal=ADC5_TempSens_Input
VP_COMP1_VS_DAC3OUT1.Mode=INM_DAC3OUT1
VP_COMP1_VS_DAC3OUT1.Signal=COMP1_VS_DAC3OUT1
VP_COMP2_VS_DAC1OUT2.Mode=INM_DAC1OUT2
VP_COMP2_VS_DAC1OUT2.Signal=COMP2_VS_DAC1OUT2
VP_COMP3_VS_VREFINT.Mode=VREFINT
VP_COMP3_VS_VREFINT.Signal=COMP3_VS_VREFINT
VP_COMP4_VS_DAC3OUT2.Mode=INM_DAC3OUT2
VP_COMP4_VS_DAC3OUT2.Signal=COMP4_VS_DAC3OUT2
VP_COMP6_VS_DAC2OUT1.Mode=INM_DAC2OUT1
VP_COMP6_VS_DAC2OUT1.Signal=COMP6_VS_DAC2OUT1
VP_COMP7_VS_DAC2OUT1.Mode=INM_DAC2OUT1
VP_COMP7_VS_DAC2OUT1.Signal=COMP7_VS_DAC2OUT1
VP_DAC1_VS_DACI2.Mode=DAC_OUT2_Int
VP_DAC1_VS_DACI2.Signal=DAC1_VS_DACI2
VP_DAC2_VS_DACI1.Mode=DAC_OUT1_Int
VP_DAC2_VS_DACI1.Signal=DAC2_VS_DACI1
VP_DAC3_VS_DACI1.Mode=DAC_OUT1_Int
VP_DAC3_VS_DACI1.Signal=DAC3_VS_DACI1
VP_DAC3_VS_DACI2.Mode=DAC_OUT2_Int
VP_DAC3_VS_DACI2.Signal=DAC3_VS_DACI2
VP_DAC4_VS_DACI1.Mode=DAC_OUT1_Int
VP_DAC4_VS_DACI1.Signal=DAC4_VS_DACI1
VP_DAC4_VS_DACI2.Mode=DAC_OUT2_Int
VP_DAC4_VS_DACI2.Signal=DAC4_VS_DACI2
VP_FATFS_VS_Generic.Mode=User_defined
VP_FATFS_VS_Generic.Signal=FATFS_VS_Generic
VP_HRTIM1_VS_hrtimMasterTimerNoOutput.Mode=MasterTimer
VP_HRTIM1_VS_hrtimMasterTimerNoOutput.Signal=HRTIM1_VS_hrtimMasterTimerNoOutput
VP_SYS_VS_DBSignals.Mode=DisableDeadBatterySignals
VP_SYS_VS_DBSignals.Signal=SYS_VS_DBSignals
VP_SYS_VS_Systick.Mode=SysTick
VP_SYS_VS_Systick.Signal=SYS_VS_Systick
VP_TIM1_VS_ClockSourceINT.Mode=Internal
VP_TIM1_VS_ClockSourceINT.Signal=TIM1_VS_ClockSourceINT
VP_TIM1_VS_OPM.Mode=OPM_bit
VP_TIM1_VS_OPM.Signal=TIM1_VS_OPM
VP_TIM20_VS_ClockSourceINT.Mode=Internal
VP_TIM20_VS_ClockSourceINT.Signal=TIM20_VS_ClockSourceINT
VP_TIM8_VS_ClockSourceINT.Mode=Internal
VP_TIM8_VS_ClockSourceINT.Signal=TIM8_VS_ClockSourceINT
board=custom
isbadioc=false
